
Microsoft Visual Studio Solution File, Format Version 12.00
# Visual Studio Version 17
VisualStudioVersion = 17.0.32002.185
MinimumVisualStudioVersion = 10.0.40219.1
Project("{FAE04EC0-301F-11D3-BF4B-00C04F79EFBC}") = "ConsultaCEP", "ConsultaCEP.csproj", "{397D7692-CDA4-4417-AE79-9788D23CAF53}"
EndProject
Global
	GlobalSection(SolutionConfigurationPlatforms) = preSolution
		Debug|Any CPU = Debug|Any CPU
		Release|Any CPU = Release|Any CPU
	EndGlobalSection
	GlobalSection(ProjectConfigurationPlatforms) = postSolution
		{397D7692-CDA4-4417-AE79-9788D23CAF53}.Debug|Any CPU.ActiveCfg = Debug|Any CPU
		{397D7692-CDA4-4417-AE79-9788D23CAF53}.Debug|Any CPU.Build.0 = Debug|Any CPU
		{397D7692-CDA4-4417-AE79-9788D23CAF53}.Release|Any CPU.ActiveCfg = Release|Any CPU
		{397D7692-CDA4-4417-AE79-9788D23CAF53}.Release|Any CPU.Build.0 = Release|Any CPU
	EndGlobalSection
	GlobalSection(SolutionProperties) = preSolution
		HideSolutionNode = FALSE
	EndGlobalSection
	GlobalSection(ExtensibilityGlobals) = postSolution
		SolutionGuid = {E08A22A0-AE88-4155-8017-8C54C612C754}
	EndGlobalSection
EndGlobal
